
Microsoft Visual Studio Solution File, Format Version 12.00
# Visual Studio Version 17
VisualStudioVersion = 17.2.32516.85
MinimumVisualStudioVersion = 10.0.40219.1
Project("{8BC9CEB8-8B4A-11D0-8D11-00A0C91BC942}") = "TO-DO List", "TO-DO List.vcxproj", "{92168E8E-A6E8-459E-9BE2-CB534A7C034A}"
EndProject
Global
	GlobalSection(SolutionConfigurationPlatforms) = preSolution
		Debug|x64 = Debug|x64
		Debug|x86 = Debug|x86
		Release|x64 = Release|x64
		Release|x86 = Release|x86
	EndGlobalSection
	GlobalSection(ProjectConfigurationPlatforms) = postSolution
		{92168E8E-A6E8-459E-9BE2-CB534A7C034A}.Debug|x64.ActiveCfg = Debug|x64
		{92168E8E-A6E8-459E-9BE2-CB534A7C034A}.Debug|x64.Build.0 = Debug|x64
		{92168E8E-A6E8-459E-9BE2-CB534A7C034A}.Debug|x86.ActiveCfg = Debug|Win32
		{92168E8E-A6E8-459E-9BE2-CB534A7C034A}.Debug|x86.Build.0 = Debug|Win32
		{92168E8E-A6E8-459E-9BE2-CB534A7C034A}.Release|x64.ActiveCfg = Release|x64
		{92168E8E-A6E8-459E-9BE2-CB534A7C034A}.Release|x64.Build.0 = Release|x64
		{92168E8E-A6E8-459E-9BE2-CB534A7C034A}.Release|x86.ActiveCfg = Release|Win32
		{92168E8E-A6E8-459E-9BE2-CB534A7C034A}.Release|x86.Build.0 = Release|Win32
	EndGlobalSection
	GlobalSection(SolutionProperties) = preSolution
		HideSolutionNode = FALSE
	EndGlobalSection
	GlobalSection(ExtensibilityGlobals) = postSolution
		SolutionGuid = {7E793DE9-8298-40BF-9610-F9B4AB6C084F}
	EndGlobalSection
EndGlobal
